<?xml version="1.0" encoding="utf-8"?>
<Project ToolsVersion="4.0" xmlns="http://schemas.microsoft.com/developer/msbuild/2003">
  <ItemGroup>
    <Filter Include="Quelldateien">
      <UniqueIdentifier>{4FC737F1-C7A5-4376-A066-2A32D752A2FF}</UniqueIdentifier>
      <Extensions>cpp;c;cc;cxx;c++;def;odl;idl;hpj;bat;asm;asmx</Extensions>
    </Filter>
    <Filter Include="Headerdateien">
      <UniqueIdentifier>{93995380-89BD-4b04-88EB-625FBE52EBFB}</UniqueIdentifier>
      <Extensions>h;hh;hpp;hxx;h++;hm;inl;inc;ipp;xsd</Extensions>
    </Filter>
    <Filter Include="Ressourcendateien">
      <UniqueIdentifier>{67DA6AB6-F800-4c08-8B7A-83BB121AAD01}</UniqueIdentifier>
      <Extensions>rc;ico;cur;bmp;dlg;rc2;rct;bin;rgs;gif;jpg;jpeg;jpe;resx;tiff;tif;png;wav;mfcribbon-ms</Extensions>
    </Filter>
    <Filter Include="Quelldateien\UI">
      <UniqueIdentifier>{c40c4540-45db-4914-8ca5-155efeecd4cd}</UniqueIdentifier>
    </Filter>
    <Filter Include="Headerdateien\UI">
      <UniqueIdentifier>{c9730f47-b55e-43e0-8c4c-2927fcdc2a9e}</UniqueIdentifier>
    </Filter>
    <Filter Include="Quelldateien\Nodes">
      <UniqueIdentifier>{69c0a906-8a3c-4e1f-8e66-33bf275ff662}</UniqueIdentifier>
    </Filter>
    <Filter Include="Headerdateien\Nodes">
      <UniqueIdentifier>{c5d0dfc3-ef40-4e50-83a2-0c733ca28799}</UniqueIdentifier>
    </Filter>
    <Filter Include="Headerdateien\Kernel">
      <UniqueIdentifier>{af36a40e-f5ab-4240-a35b-38824bd1dbcc}</UniqueIdentifier>
    </Filter>
    <Filter Include="Quelldateien\Kernel">
      <UniqueIdentifier>{1dd738d5-0678-475f-adaa-1c53c62d8ad8}</UniqueIdentifier>
    </Filter>
  </ItemGroup>
  <ItemGroup>
    <ClCompile Include="MainUI.cpp">
      <Filter>Quelldateien</Filter>
    </ClCompile>
    <ClCompile Include="ApplicationGraph.cpp">
      <Filter>Quelldateien</Filter>
    </ClCompile>
    <ClCompile Include="VideoSourceUI.cpp">
      <Filter>Quelldateien\UI</Filter>
    </ClCompile>
    <ClCompile Include="SharedMemoryBufferUI.cpp">
      <Filter>Quelldateien\UI</Filter>
    </ClCompile>
    <ClCompile Include="Logger.cpp">
      <Filter>Quelldateien</Filter>
    </ClCompile>
    <ClCompile Include="MaskRCNNUI.cpp">
      <Filter>Quelldateien\UI</Filter>
    </ClCompile>
    <ClCompile Include="ImShow.cpp">
      <Filter>Quelldateien\Nodes</Filter>
    </ClCompile>
    <ClCompile Include="MaskRCNN.cpp">
      <Filter>Quelldateien\Nodes</Filter>
    </ClCompile>
    <ClCompile Include="SharedMemoryBuffer.cpp">
      <Filter>Quelldateien\Nodes</Filter>
    </ClCompile>
    <ClCompile Include="VideoSource.cpp">
      <Filter>Quelldateien\Nodes</Filter>
    </ClCompile>
    <ClCompile Include="ImShowUI.cpp">
      <Filter>Quelldateien\UI</Filter>
    </ClCompile>
    <ClCompile Include="GPUMemoryBuffer.cpp">
      <Filter>Quelldateien\Nodes</Filter>
    </ClCompile>
    <ClCompile Include="GPUMemoryBufferUI.cpp">
      <Filter>Quelldateien\UI</Filter>
    </ClCompile>
    <ClCompile Include="GPUDenoise.cpp">
      <Filter>Quelldateien\Nodes</Filter>
    </ClCompile>
    <ClCompile Include="GPUDenoiseUI.cpp">
      <Filter>Quelldateien\UI</Filter>
    </ClCompile>
    <ClCompile Include="CUDAStreamHandler.cpp">
      <Filter>Quelldateien</Filter>
    </ClCompile>
    <ClCompile Include="GPUComposer.cpp">
      <Filter>Quelldateien\Nodes</Filter>
    </ClCompile>
    <ClCompile Include="GPUComposerUI.cpp">
      <Filter>Quelldateien\UI</Filter>
    </ClCompile>
    <ClCompile Include="GPUVideoAlphaMerge.cpp">
      <Filter>Quelldateien\Nodes</Filter>
    </ClCompile>
    <ClCompile Include="GPUVideoAlphaMergeUI.cpp">
      <Filter>Quelldateien\UI</Filter>
    </ClCompile>
    <ClCompile Include="GPUComposerElement.cpp">
      <Filter>Quelldateien\Nodes</Filter>
    </ClCompile>
    <ClCompile Include="GPUComposerElementUI.cpp">
      <Filter>Quelldateien\UI</Filter>
    </ClCompile>
    <ClCompile Include="UIManager.cpp">
      <Filter>Quelldateien</Filter>
    </ClCompile>
    <ClCompile Include="GPUMotionBlur.cpp">
      <Filter>Quelldateien\Nodes</Filter>
    </ClCompile>
    <ClCompile Include="GPUMotionBlurUI.cpp">
      <Filter>Quelldateien\UI</Filter>
    </ClCompile>
    <ClCompile Include="GPUGaussianBlur.cpp">
      <Filter>Quelldateien\Nodes</Filter>
    </ClCompile>
    <ClCompile Include="GPUGaussianBlurUI.cpp">
      <Filter>Quelldateien\UI</Filter>
    </ClCompile>
    <ClCompile Include="Clock.cpp">
      <Filter>Quelldateien</Filter>
    </ClCompile>
    <ClCompile Include="ApplicationGraphNodeSettingsUI.cpp">
      <Filter>Quelldateien\UI</Filter>
    </ClCompile>
    <ClCompile Include="GPUEdgeFilter.cpp">
      <Filter>Quelldateien\Nodes</Filter>
    </ClCompile>
    <ClCompile Include="GPUEdgeFilterUI.cpp">
      <Filter>Quelldateien\UI</Filter>
    </ClCompile>
    <ClCompile Include="GPUPaletteFilter.cpp">
      <Filter>Quelldateien\Nodes</Filter>
    </ClCompile>
    <ClCompile Include="GPUPaletteFilterUI.cpp">
      <Filter>Quelldateien\UI</Filter>
    </ClCompile>
    <ClCompile Include="GPUAudioVisual.cpp">
      <Filter>Quelldateien\Nodes</Filter>
    </ClCompile>
    <ClCompile Include="GPUAudioVisualUI.cpp">
      <Filter>Quelldateien\UI</Filter>
    </ClCompile>
    <ClCompile Include="AudioSource.cpp">
      <Filter>Quelldateien\Nodes</Filter>
    </ClCompile>
    <ClCompile Include="AudioSourceUI.cpp">
      <Filter>Quelldateien\UI</Filter>
    </ClCompile>
    <ClCompile Include="MiniGine.cpp">
      <Filter>Quelldateien\Nodes</Filter>
    </ClCompile>
    <ClCompile Include="BitField.cpp">
      <Filter>Quelldateien</Filter>
    </ClCompile>
    <ClCompile Include="MiniGineUI.cpp">
      <Filter>Quelldateien\UI</Filter>
    </ClCompile>
    <ClCompile Include="GPUGreenScreen.cpp">
      <Filter>Quelldateien\Nodes</Filter>
    </ClCompile>
    <ClCompile Include="GPUGreenScreenUI.cpp">
      <Filter>Quelldateien\UI</Filter>
    </ClCompile>
    <ClCompile Include="CameraControl.cpp">
      <Filter>Quelldateien\Nodes</Filter>
    </ClCompile>
    <ClCompile Include="CameraControlUI.cpp">
      <Filter>Quelldateien\UI</Filter>
    </ClCompile>
    <ClCompile Include="Statistic.cpp">
      <Filter>Quelldateien</Filter>
    </ClCompile>
    <ClCompile Include="CameraControlDiagnostic.cpp">
      <Filter>Quelldateien\Nodes</Filter>
    </ClCompile>
    <ClCompile Include="CameraControlDiagnosticUI.cpp">
      <Filter>Quelldateien\UI</Filter>
    </ClCompile>
    <ClCompile Include="Statistics3D.cpp">
      <Filter>Quelldateien\Nodes</Filter>
    </ClCompile>
    <ClCompile Include="Statistics3DUI.cpp">
      <Filter>Quelldateien\UI</Filter>
    </ClCompile>
    <ClCompile Include="DetectionSimulation3D.cpp">
      <Filter>Quelldateien\Nodes</Filter>
    </ClCompile>
    <ClCompile Include="DetectionSimulation3DUI.cpp">
      <Filter>Quelldateien\UI</Filter>
    </ClCompile>
  </ItemGroup>
  <ItemGroup>
    <ClInclude Include="MainUI.h">
      <Filter>Headerdateien</Filter>
    </ClInclude>
    <ClInclude Include="ApplicationGraph.h">
      <Filter>Headerdateien</Filter>
    </ClInclude>
    <ClInclude Include="VideoSourceUI.h">
      <Filter>Headerdateien\UI</Filter>
    </ClInclude>
    <ClInclude Include="SharedMemoryBufferUI.h">
      <Filter>Headerdateien\UI</Filter>
    </ClInclude>
    <ClInclude Include="Logger.h">
      <Filter>Headerdateien</Filter>
    </ClInclude>
    <ClInclude Include="MaskRCNNUI.h">
      <Filter>Headerdateien\UI</Filter>
    </ClInclude>
    <ClInclude Include="VideoSource.h">
      <Filter>Headerdateien\Nodes</Filter>
    </ClInclude>
    <ClInclude Include="SharedMemoryBuffer.h">
      <Filter>Headerdateien\Nodes</Filter>
    </ClInclude>
    <ClInclude Include="MaskRCNN.h">
      <Filter>Headerdateien\Nodes</Filter>
    </ClInclude>
    <ClInclude Include="ImShow.h">
      <Filter>Headerdateien\Nodes</Filter>
    </ClInclude>
    <ClInclude Include="ImShowUI.h">
      <Filter>Headerdateien\UI</Filter>
    </ClInclude>
    <ClInclude Include="GPUMemoryBuffer.h">
      <Filter>Headerdateien\Nodes</Filter>
    </ClInclude>
    <ClInclude Include="GPUMemoryBufferUI.h">
      <Filter>Headerdateien\UI</Filter>
    </ClInclude>
    <ClInclude Include="NLMeansKernel.h">
      <Filter>Headerdateien\Kernel</Filter>
    </ClInclude>
    <ClInclude Include="GPUDenoise.h">
      <Filter>Headerdateien\Nodes</Filter>
    </ClInclude>
    <ClInclude Include="GPUDenoiseUI.h">
      <Filter>Headerdateien\UI</Filter>
    </ClInclude>
    <ClInclude Include="CUDAStreamHandler.h">
      <Filter>Headerdateien</Filter>
    </ClInclude>
    <ClInclude Include="GPUComposer.h">
      <Filter>Headerdateien\Nodes</Filter>
    </ClInclude>
    <ClInclude Include="GPUComposerUI.h">
      <Filter>Headerdateien\UI</Filter>
    </ClInclude>
    <ClInclude Include="ComposeKernel.h">
      <Filter>Headerdateien\Kernel</Filter>
    </ClInclude>
    <ClInclude Include="GPUVideoAlphaMerge.h">
      <Filter>Headerdateien\Nodes</Filter>
    </ClInclude>
    <ClInclude Include="GPUVideoAlphaMergeUI.h">
      <Filter>Headerdateien\UI</Filter>
    </ClInclude>
    <ClInclude Include="GPUComposerElement.h">
      <Filter>Headerdateien\Nodes</Filter>
    </ClInclude>
    <ClInclude Include="GPUComposerElementUI.h">
      <Filter>Headerdateien\UI</Filter>
    </ClInclude>
    <ClInclude Include="UIManager.h">
      <Filter>Headerdateien</Filter>
    </ClInclude>
    <ClInclude Include="GPUMotionBlur.h">
      <Filter>Headerdateien\Nodes</Filter>
    </ClInclude>
    <ClInclude Include="GPUMotionBlurUI.h">
      <Filter>Headerdateien\UI</Filter>
    </ClInclude>
    <ClInclude Include="MotionBlur.h">
      <Filter>Headerdateien\Kernel</Filter>
    </ClInclude>
    <ClInclude Include="GaussianBlur.h">
      <Filter>Headerdateien\Kernel</Filter>
    </ClInclude>
    <ClInclude Include="GPUGaussianBlur.h">
      <Filter>Headerdateien\Nodes</Filter>
    </ClInclude>
    <ClInclude Include="GPUGaussianBlurUI.h">
      <Filter>Headerdateien\UI</Filter>
    </ClInclude>
    <ClInclude Include="Clock.h">
      <Filter>Headerdateien</Filter>
    </ClInclude>
    <ClInclude Include="ApplicationGraphNodeSettingsUI.h">
      <Filter>Headerdateien\UI</Filter>
    </ClInclude>
    <ClInclude Include="GPUEdgeFilter.h">
      <Filter>Headerdateien\Nodes</Filter>
    </ClInclude>
    <ClInclude Include="GPUEdgeFilterUI.h">
      <Filter>Headerdateien\UI</Filter>
    </ClInclude>
    <ClInclude Include="EdgeFilterKernel.h">
      <Filter>Headerdateien\Kernel</Filter>
    </ClInclude>
    <ClInclude Include="GPUPaletteFilter.h">
      <Filter>Headerdateien\Nodes</Filter>
    </ClInclude>
    <ClInclude Include="GPUPaletteFilterUI.h">
      <Filter>Headerdateien\UI</Filter>
    </ClInclude>
    <ClInclude Include="PaletteFilterKernel.h">
      <Filter>Headerdateien\Kernel</Filter>
    </ClInclude>
    <ClInclude Include="GPUAudioVisual.h">
      <Filter>Headerdateien\Nodes</Filter>
    </ClInclude>
    <ClInclude Include="GPUAudioVisualUI.h">
      <Filter>Headerdateien\UI</Filter>
    </ClInclude>
    <ClInclude Include="AudioVisualKernel.h">
      <Filter>Headerdateien\Kernel</Filter>
    </ClInclude>
    <ClInclude Include="AudioSource.h">
      <Filter>Headerdateien\Nodes</Filter>
    </ClInclude>
    <ClInclude Include="AudioSourceUI.h">
      <Filter>Headerdateien\UI</Filter>
    </ClInclude>
    <ClInclude Include="MiniGine.h">
      <Filter>Headerdateien\Nodes</Filter>
    </ClInclude>
    <ClInclude Include="BitField.h">
      <Filter>Headerdateien</Filter>
    </ClInclude>
    <ClInclude Include="Vector2.h">
      <Filter>Headerdateien</Filter>
    </ClInclude>
    <ClInclude Include="Vector3.h">
      <Filter>Headerdateien</Filter>
    </ClInclude>
    <ClInclude Include="MiniGineUI.h">
      <Filter>Headerdateien\UI</Filter>
    </ClInclude>
    <ClInclude Include="MiniGineKernel.h">
      <Filter>Headerdateien\Kernel</Filter>
    </ClInclude>
    <ClInclude Include="MiniGineS.h">
      <Filter>Headerdateien\Nodes</Filter>
    </ClInclude>
    <ClInclude Include="Grid.h">
      <Filter>Headerdateien</Filter>
    </ClInclude>
    <ClInclude Include="GPUGreenScreen.h">
      <Filter>Headerdateien\Nodes</Filter>
    </ClInclude>
    <ClInclude Include="GreenScreenKernel.h">
      <Filter>Headerdateien\Kernel</Filter>
    </ClInclude>
    <ClInclude Include="GPUGreenScreenUI.h">
      <Filter>Headerdateien\UI</Filter>
    </ClInclude>
    <ClInclude Include="CameraControl.h">
      <Filter>Headerdateien\Nodes</Filter>
    </ClInclude>
    <ClInclude Include="CameraControlUI.h">
      <Filter>Headerdateien\UI</Filter>
    </ClInclude>
    <ClInclude Include="Statistic.h">
      <Filter>Headerdateien</Filter>
    </ClInclude>
    <ClInclude Include="CameraControlDiagnosticUI.h">
      <Filter>Headerdateien\UI</Filter>
    </ClInclude>
    <ClInclude Include="CameraControlDiagnostic.h">
      <Filter>Headerdateien\Nodes</Filter>
    </ClInclude>
    <ClInclude Include="CameraControlDiagnosticKernel.h">
      <Filter>Headerdateien\Kernel</Filter>
    </ClInclude>
    <ClInclude Include="Statistics3D.h">
      <Filter>Headerdateien\Nodes</Filter>
    </ClInclude>
    <ClInclude Include="StatisticsKernel.h">
      <Filter>Headerdateien\Kernel</Filter>
    </ClInclude>
    <ClInclude Include="Statistics3DUI.h">
      <Filter>Headerdateien\UI</Filter>
    </ClInclude>
    <ClInclude Include="DetectionSimulation3D.h">
      <Filter>Headerdateien\Nodes</Filter>
    </ClInclude>
    <ClInclude Include="DetectionSimulation3DUI.h">
      <Filter>Headerdateien\UI</Filter>
    </ClInclude>
  </ItemGroup>
  <ItemGroup>
    <CudaCompile Include="NLMeansKernel.cu">
      <Filter>Quelldateien\Kernel</Filter>
    </CudaCompile>
    <CudaCompile Include="ComposeKernel.cu">
      <Filter>Quelldateien\Kernel</Filter>
    </CudaCompile>
    <CudaCompile Include="MotionBlur.cu">
      <Filter>Quelldateien\Kernel</Filter>
    </CudaCompile>
    <CudaCompile Include="GaussianBlur.cu">
      <Filter>Quelldateien\Kernel</Filter>
    </CudaCompile>
    <CudaCompile Include="EdgeFilterKernel.cu">
      <Filter>Quelldateien\Kernel</Filter>
    </CudaCompile>
    <CudaCompile Include="PaletteFilterKernel.cu">
      <Filter>Quelldateien\Kernel</Filter>
    </CudaCompile>
    <CudaCompile Include="AudioVisualKernel.cu">
      <Filter>Quelldateien\Kernel</Filter>
    </CudaCompile>
    <CudaCompile Include="MiniGine.cu">
      <Filter>Quelldateien\Kernel</Filter>
    </CudaCompile>
    <CudaCompile Include="GreenScreenKernel.cu">
      <Filter>Quelldateien\Kernel</Filter>
    </CudaCompile>
    <CudaCompile Include="CameraControlDiagnosticKernel.cu">
      <Filter>Quelldateien\Kernel</Filter>
    </CudaCompile>
    <CudaCompile Include="StatisticsKernel.cu">
      <Filter>Quelldateien\Kernel</Filter>
    </CudaCompile>
  </ItemGroup>
</Project>